<?xml version="1.0" encoding="utf-8"?>
<Project ToolsVersion="4.0" xmlns="http://schemas.microsoft.com/developer/msbuild/2003">
  <ItemGroup>
    <Filter Include="Header Files">
      <UniqueIdentifier>{93995380-89BD-4b04-88EB-625FBE52EBFB}</UniqueIdentifier>
      <Extensions>h;hh;hpp;hxx;h++;hm;inl;inc;ipp;xsd</Extensions>
    </Filter>
    <Filter Include="Resource Files">
      <UniqueIdentifier>{67DA6AB6-F800-4c08-8B7A-83BB121AAD01}</UniqueIdentifier>
      <Extensions>rc;ico;cur;bmp;dlg;rc2;rct;bin;rgs;gif;jpg;jpeg;jpe;resx;tiff;tif;png;wav;mfcribbon-ms</Extensions>
    </Filter>
  </ItemGroup>
  <ItemGroup>
    <ClInclude Include="Clock.h">
      <Filter>Header Files</Filter>
    </ClInclude>
    <ClInclude Include="Color.h">
      <Filter>Header Files</Filter>
    </ClInclude>
    <ClInclude Include="DisplayManager.h">
      <Filter>Header Files</Filter>
    </ClInclude>
    <ClInclude Include="Event.h">
      <Filter>Header Files</Filter>
    </ClInclude>
    <ClInclude Include="EventCollision.h">
      <Filter>Header Files</Filter>
    </ClInclude>
    <ClInclude Include="EventKeyboard.h">
      <Filter>Header Files</Filter>
    </ClInclude>
    <ClInclude Include="EventMouse.h">
      <Filter>Header Files</Filter>
    </ClInclude>
    <ClInclude Include="EventOut.h">
      <Filter>Header Files</Filter>
    </ClInclude>
    <ClInclude Include="EventStep.h">
      <Filter>Header Files</Filter>
    </ClInclude>
    <ClInclude Include="GameManager.h">
      <Filter>Header Files</Filter>
    </ClInclude>
    <ClInclude Include="InputManager.h">
      <Filter>Header Files</Filter>
    </ClInclude>
    <ClInclude Include="LogManager.h">
      <Filter>Header Files</Filter>
    </ClInclude>
    <ClInclude Include="Manager.h">
      <Filter>Header Files</Filter>
    </ClInclude>
    <ClInclude Include="Object.h">
      <Filter>Header Files</Filter>
    </ClInclude>
    <ClInclude Include="ObjectList.h">
      <Filter>Header Files</Filter>
    </ClInclude>
    <ClInclude Include="Test.h">
      <Filter>Header Files</Filter>
    </ClInclude>
    <ClInclude Include="TestDM.h">
      <Filter>Header Files</Filter>
    </ClInclude>
    <ClInclude Include="TestObject.h">
      <Filter>Header Files</Filter>
    </ClInclude>
    <ClInclude Include="utility.h">
      <Filter>Header Files</Filter>
    </ClInclude>
    <ClInclude Include="Vector.h">
      <Filter>Header Files</Filter>
    </ClInclude>
    <ClInclude Include="WorldManager.h">
      <Filter>Header Files</Filter>
    </ClInclude>
    <ClInclude Include="Frame.h">
      <Filter>Header Files</Filter>
    </ClInclude>
    <ClInclude Include="Sprite.h">
      <Filter>Header Files</Filter>
    </ClInclude>
    <ClInclude Include="ResourceManager.h">
      <Filter>Header Files</Filter>
    </ClInclude>
    <ClInclude Include="Animation.h">
      <Filter>Header Files</Filter>
    </ClInclude>
    <ClInclude Include="Box.h">
      <Filter>Header Files</Filter>
    </ClInclude>
    <ClInclude Include="Circle.h">
      <Filter>Header Files</Filter>
    </ClInclude>
    <ClInclude Include="Sound.h">
      <Filter>Header Files</Filter>
    </ClInclude>
    <ClInclude Include="Music.h">
      <Filter>Header Files</Filter>
    </ClInclude>
    <ClInclude Include="ViewObject.h">
      <Filter>Header Files</Filter>
    </ClInclude>
    <ClInclude Include="EventView.h">
      <Filter>Header Files</Filter>
    </ClInclude>
    <ClInclude Include="resource.h">
      <Filter>Header Files</Filter>
    </ClInclude>
    <ClInclude Include="Bullet.h">
      <Filter>Header Files</Filter>
    </ClInclude>
    <ClInclude Include="EventNuke.h">
      <Filter>Header Files</Filter>
    </ClInclude>
    <ClInclude Include="Explosion.h">
      <Filter>Header Files</Filter>
    </ClInclude>
    <ClInclude Include="GameOver.h">
      <Filter>Header Files</Filter>
    </ClInclude>
    <ClInclude Include="GameStart.h">
      <Filter>Header Files</Filter>
    </ClInclude>
    <ClInclude Include="Hero.h">
      <Filter>Header Files</Filter>
    </ClInclude>
    <ClInclude Include="Points.h">
      <Filter>Header Files</Filter>
    </ClInclude>
    <ClInclude Include="Reticle.h">
      <Filter>Header Files</Filter>
    </ClInclude>
    <ClInclude Include="Saucer.h">
      <Filter>Header Files</Filter>
    </ClInclude>
    <ClInclude Include="Star.h">
      <Filter>Header Files</Filter>
    </ClInclude>
  </ItemGroup>
  <ItemGroup>
    <ClCompile Include="Line.h">
      <Filter>Header Files</Filter>
    </ClCompile>
    <ClCompile Include="LogManager.cpp">
      <Filter>Resource Files</Filter>
    </ClCompile>
    <ClCompile Include="ObjectList.cpp">
      <Filter>Resource Files</Filter>
    </ClCompile>
    <ClCompile Include="Event.cpp">
      <Filter>Resource Files</Filter>
    </ClCompile>
    <ClCompile Include="EventStep.cpp">
      <Filter>Resource Files</Filter>
    </ClCompile>
    <ClCompile Include="Clock.cpp">
      <Filter>Resource Files</Filter>
    </ClCompile>
    <ClCompile Include="Manager.cpp">
      <Filter>Resource Files</Filter>
    </ClCompile>
    <ClCompile Include="EventKeyboard.cpp">
      <Filter>Resource Files</Filter>
    </ClCompile>
    <ClCompile Include="EventMouse.cpp">
      <Filter>Resource Files</Filter>
    </ClCompile>
    <ClCompile Include="TestDM.cpp">
      <Filter>Resource Files</Filter>
    </ClCompile>
    <ClCompile Include="TestObject.cpp">
      <Filter>Resource Files</Filter>
    </ClCompile>
    <ClCompile Include="EventCollision.cpp">
      <Filter>Resource Files</Filter>
    </ClCompile>
    <ClCompile Include="EventOut.cpp">
      <Filter>Resource Files</Filter>
    </ClCompile>
    <ClCompile Include="game.cpp">
      <Filter>Resource Files</Filter>
    </ClCompile>
    <ClCompile Include="Vector.cpp">
      <Filter>Resource Files</Filter>
    </ClCompile>
    <ClCompile Include="GameManager.cpp">
      <Filter>Resource Files</Filter>
    </ClCompile>
    <ClCompile Include="Test.cpp">
      <Filter>Resource Files</Filter>
    </ClCompile>
    <ClCompile Include="InputManager.cpp">
      <Filter>Resource Files</Filter>
    </ClCompile>
    <ClCompile Include="Box.cpp">
      <Filter>Resource Files</Filter>
    </ClCompile>
    <ClCompile Include="Object.cpp">
      <Filter>Resource Files</Filter>
    </ClCompile>
    <ClCompile Include="Line.cpp">
      <Filter>Resource Files</Filter>
    </ClCompile>
    <ClCompile Include="Circle.cpp">
      <Filter>Resource Files</Filter>
    </ClCompile>
    <ClCompile Include="DisplayManager.cpp">
      <Filter>Resource Files</Filter>
    </ClCompile>
    <ClCompile Include="Frame.cpp">
      <Filter>Resource Files</Filter>
    </ClCompile>
    <ClCompile Include="Sprite.cpp">
      <Filter>Resource Files</Filter>
    </ClCompile>
    <ClCompile Include="Sound.cpp">
      <Filter>Resource Files</Filter>
    </ClCompile>
    <ClCompile Include="Music.cpp">
      <Filter>Resource Files</Filter>
    </ClCompile>
    <ClCompile Include="ResourceManager.cpp">
      <Filter>Resource Files</Filter>
    </ClCompile>
    <ClCompile Include="Animation.cpp">
      <Filter>Resource Files</Filter>
    </ClCompile>
    <ClCompile Include="utility.cpp">
      <Filter>Resource Files</Filter>
    </ClCompile>
    <ClCompile Include="WorldManager.cpp">
      <Filter>Resource Files</Filter>
    </ClCompile>
    <ClCompile Include="EventView.cpp">
      <Filter>Resource Files</Filter>
    </ClCompile>
    <ClCompile Include="ViewObject.cpp">
      <Filter>Resource Files</Filter>
    </ClCompile>
    <ClCompile Include="game_saucer.cpp">
      <Filter>Resource Files</Filter>
    </ClCompile>
    <ClCompile Include="Bullet.cpp">
      <Filter>Resource Files</Filter>
    </ClCompile>
    <ClCompile Include="EventNuke.cpp">
      <Filter>Resource Files</Filter>
    </ClCompile>
    <ClCompile Include="Explosion.cpp">
      <Filter>Resource Files</Filter>
    </ClCompile>
    <ClCompile Include="GameOver.cpp">
      <Filter>Resource Files</Filter>
    </ClCompile>
    <ClCompile Include="GameStart.cpp">
      <Filter>Resource Files</Filter>
    </ClCompile>
    <ClCompile Include="Hero.cpp">
      <Filter>Resource Files</Filter>
    </ClCompile>
    <ClCompile Include="Points.cpp">
      <Filter>Resource Files</Filter>
    </ClCompile>
    <ClCompile Include="Reticle.cpp">
      <Filter>Resource Files</Filter>
    </ClCompile>
    <ClCompile Include="Saucer.cpp">
      <Filter>Resource Files</Filter>
    </ClCompile>
    <ClCompile Include="Star.cpp">
      <Filter>Resource Files</Filter>
    </ClCompile>
  </ItemGroup>
</Project>